
Microsoft Visual Studio Solution File, Format Version 12.00
# Visual Studio Version 17
VisualStudioVersion = 17.0.31903.59
MinimumVisualStudioVersion = 10.0.40219.1
Project("{9A19103F-16F7-4668-BE54-9A1E7A4F7556}") = "BLAZOR.Server", "Archive\2023-09-04\BLAZOR.Server\BLAZOR.Server.csproj", "{1BE1D0D5-324E-4258-8631-469494A594EC}"
EndProject
Project("{9A19103F-16F7-4668-BE54-9A1E7A4F7556}") = "BLAZOR.WASM.Server", "Archive\2023-09-04\BLAZOR.WASM\Server\BLAZOR.WASM.Server.csproj", "{EF004F29-F149-403C-8B10-03678ADCADF3}"
EndProject
Project("{9A19103F-16F7-4668-BE54-9A1E7A4F7556}") = "BLAZOR.WASM.Client", "Archive\2023-09-04\BLAZOR.WASM\Client\BLAZOR.WASM.Client.csproj", "{8F66E444-90BA-4783-8C37-D571B6091C1A}"
EndProject
Project("{9A19103F-16F7-4668-BE54-9A1E7A4F7556}") = "BLAZOR.WASM.Shared", "Archive\2023-09-04\BLAZOR.WASM\Shared\BLAZOR.WASM.Shared.csproj", "{27976102-C4F8-47CB-832F-C306EF31FD00}"
EndProject
Project("{FAE04EC0-301F-11D3-BF4B-00C04F79EFBC}") = "WPF .NET Framework", "Archive\2023-09-04\WPF .NET Framework\WPF .NET Framework.csproj", "{8ACDA97C-801A-401E-83D9-9E36E470863C}"
EndProject
Project("{2150E333-8FDC-42A3-9474-1A3956D46DE8}") = "Archive", "Archive", "{243DFE39-270A-4A67-8F8E-34B01CC537F3}"
EndProject
Project("{2150E333-8FDC-42A3-9474-1A3956D46DE8}") = "2023-09-04", "2023-09-04", "{3DB5BC0C-0E16-4B3C-887E-CCFCBB807035}"
EndProject
Project("{FAE04EC0-301F-11D3-BF4B-00C04F79EFBC}") = "WASM.Server", "WASM\Server\WASM.Server.csproj", "{3834FF43-9859-4447-9227-665E25634EBB}"
EndProject
Project("{FAE04EC0-301F-11D3-BF4B-00C04F79EFBC}") = "WASM.Client", "WASM\Client\WASM.Client.csproj", "{98FE422B-FBB6-4CDF-BA44-26BD8D8BCCAE}"
EndProject
Project("{FAE04EC0-301F-11D3-BF4B-00C04F79EFBC}") = "WASM.Shared", "WASM\Shared\WASM.Shared.csproj", "{4389E3C5-B5CA-4E29-8C06-2E1C4B023D8E}"
EndProject
Project("{FAE04EC0-301F-11D3-BF4B-00C04F79EFBC}") = "UI", "UI\UI.csproj", "{D0A0B588-484D-4166-A1B2-64FCFB78C34A}"
EndProject
Global
	GlobalSection(SolutionConfigurationPlatforms) = preSolution
		Debug|Any CPU = Debug|Any CPU
		Release|Any CPU = Release|Any CPU
	EndGlobalSection
	GlobalSection(ProjectConfigurationPlatforms) = postSolution
		{1BE1D0D5-324E-4258-8631-469494A594EC}.Debug|Any CPU.ActiveCfg = Debug|Any CPU
		{1BE1D0D5-324E-4258-8631-469494A594EC}.Debug|Any CPU.Build.0 = Debug|Any CPU
		{1BE1D0D5-324E-4258-8631-469494A594EC}.Release|Any CPU.ActiveCfg = Release|Any CPU
		{1BE1D0D5-324E-4258-8631-469494A594EC}.Release|Any CPU.Build.0 = Release|Any CPU
		{EF004F29-F149-403C-8B10-03678ADCADF3}.Debug|Any CPU.ActiveCfg = Debug|Any CPU
		{EF004F29-F149-403C-8B10-03678ADCADF3}.Debug|Any CPU.Build.0 = Debug|Any CPU
		{EF004F29-F149-403C-8B10-03678ADCADF3}.Release|Any CPU.ActiveCfg = Release|Any CPU
		{EF004F29-F149-403C-8B10-03678ADCADF3}.Release|Any CPU.Build.0 = Release|Any CPU
		{8F66E444-90BA-4783-8C37-D571B6091C1A}.Debug|Any CPU.ActiveCfg = Debug|Any CPU
		{8F66E444-90BA-4783-8C37-D571B6091C1A}.Debug|Any CPU.Build.0 = Debug|Any CPU
		{8F66E444-90BA-4783-8C37-D571B6091C1A}.Release|Any CPU.ActiveCfg = Release|Any CPU
		{8F66E444-90BA-4783-8C37-D571B6091C1A}.Release|Any CPU.Build.0 = Release|Any CPU
		{27976102-C4F8-47CB-832F-C306EF31FD00}.Debug|Any CPU.ActiveCfg = Debug|Any CPU
		{27976102-C4F8-47CB-832F-C306EF31FD00}.Debug|Any CPU.Build.0 = Debug|Any CPU
		{27976102-C4F8-47CB-832F-C306EF31FD00}.Release|Any CPU.ActiveCfg = Release|Any CPU
		{27976102-C4F8-47CB-832F-C306EF31FD00}.Release|Any CPU.Build.0 = Release|Any CPU
		{8ACDA97C-801A-401E-83D9-9E36E470863C}.Debug|Any CPU.ActiveCfg = Debug|Any CPU
		{8ACDA97C-801A-401E-83D9-9E36E470863C}.Debug|Any CPU.Build.0 = Debug|Any CPU
		{8ACDA97C-801A-401E-83D9-9E36E470863C}.Release|Any CPU.ActiveCfg = Release|Any CPU
		{8ACDA97C-801A-401E-83D9-9E36E470863C}.Release|Any CPU.Build.0 = Release|Any CPU
		{3834FF43-9859-4447-9227-665E25634EBB}.Debug|Any CPU.ActiveCfg = Debug|Any CPU
		{3834FF43-9859-4447-9227-665E25634EBB}.Debug|Any CPU.Build.0 = Debug|Any CPU
		{3834FF43-9859-4447-9227-665E25634EBB}.Release|Any CPU.ActiveCfg = Release|Any CPU
		{3834FF43-9859-4447-9227-665E25634EBB}.Release|Any CPU.Build.0 = Release|Any CPU
		{98FE422B-FBB6-4CDF-BA44-26BD8D8BCCAE}.Debug|Any CPU.ActiveCfg = Debug|Any CPU
		{98FE422B-FBB6-4CDF-BA44-26BD8D8BCCAE}.Debug|Any CPU.Build.0 = Debug|Any CPU
		{98FE422B-FBB6-4CDF-BA44-26BD8D8BCCAE}.Release|Any CPU.ActiveCfg = Release|Any CPU
		{98FE422B-FBB6-4CDF-BA44-26BD8D8BCCAE}.Release|Any CPU.Build.0 = Release|Any CPU
		{4389E3C5-B5CA-4E29-8C06-2E1C4B023D8E}.Debug|Any CPU.ActiveCfg = Debug|Any CPU
		{4389E3C5-B5CA-4E29-8C06-2E1C4B023D8E}.Debug|Any CPU.Build.0 = Debug|Any CPU
		{4389E3C5-B5CA-4E29-8C06-2E1C4B023D8E}.Release|Any CPU.ActiveCfg = Release|Any CPU
		{4389E3C5-B5CA-4E29-8C06-2E1C4B023D8E}.Release|Any CPU.Build.0 = Release|Any CPU
		{D0A0B588-484D-4166-A1B2-64FCFB78C34A}.Debug|Any CPU.ActiveCfg = Debug|Any CPU
		{D0A0B588-484D-4166-A1B2-64FCFB78C34A}.Debug|Any CPU.Build.0 = Debug|Any CPU
		{D0A0B588-484D-4166-A1B2-64FCFB78C34A}.Release|Any CPU.ActiveCfg = Release|Any CPU
		{D0A0B588-484D-4166-A1B2-64FCFB78C34A}.Release|Any CPU.Build.0 = Release|Any CPU
	EndGlobalSection
	GlobalSection(SolutionProperties) = preSolution
		HideSolutionNode = FALSE
	EndGlobalSection
	GlobalSection(NestedProjects) = preSolution
		{1BE1D0D5-324E-4258-8631-469494A594EC} = {3DB5BC0C-0E16-4B3C-887E-CCFCBB807035}
		{EF004F29-F149-403C-8B10-03678ADCADF3} = {3DB5BC0C-0E16-4B3C-887E-CCFCBB807035}
		{8F66E444-90BA-4783-8C37-D571B6091C1A} = {3DB5BC0C-0E16-4B3C-887E-CCFCBB807035}
		{27976102-C4F8-47CB-832F-C306EF31FD00} = {3DB5BC0C-0E16-4B3C-887E-CCFCBB807035}
		{8ACDA97C-801A-401E-83D9-9E36E470863C} = {3DB5BC0C-0E16-4B3C-887E-CCFCBB807035}
		{3DB5BC0C-0E16-4B3C-887E-CCFCBB807035} = {243DFE39-270A-4A67-8F8E-34B01CC537F3}
	EndGlobalSection
	GlobalSection(ExtensibilityGlobals) = postSolution
		SolutionGuid = {A496A730-6F8E-4828-8811-964065C8D07E}
	EndGlobalSection
EndGlobal
